// !$*UTF8*$!
{
	archiveVersion = 1;
	classes = {
	};
	objectVersion = 46;
	objects = {

/* Begin PBXBuildFile section */
		B3AF3AEA185E206900BD7747 /* RTSIIRFilter.h in Headers */ = {isa = PBXBuildFile; fileRef = B3AF3AE8185E206900BD7747 /* RTSIIRFilter.h */; settings = {ATTRIBUTES = (Public, ); }; };
		B3AF3AEB185E206900BD7747 /* RTSIIRFilter.m in Sources */ = {isa = PBXBuildFile; fileRef = B3AF3AE9185E206900BD7747 /* RTSIIRFilter.m */; };
		B3AF3B15185E91C900BD7747 /* AudioToolbox.framework in Frameworks */ = {isa = PBXBuildFile; fileRef = B3AF3B14185E91C900BD7747 /* AudioToolbox.framework */; };
		B3AF3B17185E932B00BD7747 /* IOKit.framework in Frameworks */ = {isa = PBXBuildFile; fileRef = B3AF3B16185E932B00BD7747 /* IOKit.framework */; };
		B3AF3B8C185F80FD00BD7747 /* RTSDataReceived.h in Headers */ = {isa = PBXBuildFile; fileRef = B3AF3B8B185F80FD00BD7747 /* RTSDataReceived.h */; settings = {ATTRIBUTES = (Public, ); }; };
		B3AF3B92185FAF9600BD7747 /* RTSInputConditioner.h in Headers */ = {isa = PBXBuildFile; fileRef = B3AF3B90185FAF9600BD7747 /* RTSInputConditioner.h */; settings = {ATTRIBUTES = (Public, ); }; };
		B3AF3B93185FAF9600BD7747 /* RTSInputConditioner.m in Sources */ = {isa = PBXBuildFile; fileRef = B3AF3B91185FAF9600BD7747 /* RTSInputConditioner.m */; };
		B3AF3B96185FC0F900BD7747 /* RadioTools.h in Headers */ = {isa = PBXBuildFile; fileRef = B3AF3B95185FBFF500BD7747 /* RadioTools.h */; settings = {ATTRIBUTES = (Public, ); }; };
		B3CE17EC1A3F7F1300AB3EAF /* RTSAMDemodulator.m in Sources */ = {isa = PBXBuildFile; fileRef = B3CE17EB1A3F7F1300AB3EAF /* RTSAMDemodulator.m */; };
		B3CE17EE1A3F7F2500AB3EAF /* RTSAMDemodulator.h in Headers */ = {isa = PBXBuildFile; fileRef = B3CE17ED1A3F7F2400AB3EAF /* RTSAMDemodulator.h */; settings = {ATTRIBUTES = (Public, ); }; };
		B3D284F318563A5300A0C898 /* Cocoa.framework in Frameworks */ = {isa = PBXBuildFile; fileRef = B3D284F218563A5300A0C898 /* Cocoa.framework */; };
		B3D284FD18563A5300A0C898 /* InfoPlist.strings in Resources */ = {isa = PBXBuildFile; fileRef = B3D284FB18563A5300A0C898 /* InfoPlist.strings */; };
		B3D2850818563A5400A0C898 /* XCTest.framework in Frameworks */ = {isa = PBXBuildFile; fileRef = B3D2850718563A5400A0C898 /* XCTest.framework */; };
		B3D2850918563A5400A0C898 /* Cocoa.framework in Frameworks */ = {isa = PBXBuildFile; fileRef = B3D284F218563A5300A0C898 /* Cocoa.framework */; };
		B3D2850C18563A5400A0C898 /* RadioTools.framework in Frameworks */ = {isa = PBXBuildFile; fileRef = B3D284EF18563A5300A0C898 /* RadioTools.framework */; };
		B3D2851218563A5400A0C898 /* InfoPlist.strings in Resources */ = {isa = PBXBuildFile; fileRef = B3D2851018563A5400A0C898 /* InfoPlist.strings */; };
		B3D2851418563A5400A0C898 /* RadioToolsTests.m in Sources */ = {isa = PBXBuildFile; fileRef = B3D2851318563A5400A0C898 /* RadioToolsTests.m */; };
		B3D2852018563AFD00A0C898 /* RTSFMDemodulator.h in Headers */ = {isa = PBXBuildFile; fileRef = B3D2851E18563AFD00A0C898 /* RTSFMDemodulator.h */; settings = {ATTRIBUTES = (Public, ); }; };
		B3D2852118563AFD00A0C898 /* RTSFMDemodulator.m in Sources */ = {isa = PBXBuildFile; fileRef = B3D2851F18563AFD00A0C898 /* RTSFMDemodulator.m */; };
		B3D2852418563B2000A0C898 /* RTSDecimator.h in Headers */ = {isa = PBXBuildFile; fileRef = B3D2852218563B2000A0C898 /* RTSDecimator.h */; settings = {ATTRIBUTES = (Public, ); }; };
		B3D2852518563B2000A0C898 /* RTSDecimator.m in Sources */ = {isa = PBXBuildFile; fileRef = B3D2852318563B2000A0C898 /* RTSDecimator.m */; };
		B3D2852818563B3500A0C898 /* RTSFIRFilter.h in Headers */ = {isa = PBXBuildFile; fileRef = B3D2852618563B3500A0C898 /* RTSFIRFilter.h */; settings = {ATTRIBUTES = (Public, ); }; };
		B3D2852918563B3500A0C898 /* RTSFIRFilter.m in Sources */ = {isa = PBXBuildFile; fileRef = B3D2852718563B3500A0C898 /* RTSFIRFilter.m */; };
		B3D2852C18563BCE00A0C898 /* RTSAudioOutput.h in Headers */ = {isa = PBXBuildFile; fileRef = B3D2852A18563BCE00A0C898 /* RTSAudioOutput.h */; settings = {ATTRIBUTES = (Public, ); }; };
		B3D2852D18563BCE00A0C898 /* RTSAudioOutput.m in Sources */ = {isa = PBXBuildFile; fileRef = B3D2852B18563BCE00A0C898 /* RTSAudioOutput.m */; };
		B3D285301856421D00A0C898 /* RTSRTLRadio.h in Headers */ = {isa = PBXBuildFile; fileRef = B3D2852E1856421D00A0C898 /* RTSRTLRadio.h */; settings = {ATTRIBUTES = (Public, ); }; };
		B3D285311856421D00A0C898 /* RTSRTLRadio.m in Sources */ = {isa = PBXBuildFile; fileRef = B3D2852F1856421D00A0C898 /* RTSRTLRadio.m */; };
		B3D28534185646C600A0C898 /* RTSComplexVector.h in Headers */ = {isa = PBXBuildFile; fileRef = B3D28532185646C600A0C898 /* RTSComplexVector.h */; settings = {ATTRIBUTES = (Public, ); }; };
		B3D28535185646C600A0C898 /* RTSComplexVector.m in Sources */ = {isa = PBXBuildFile; fileRef = B3D28533185646C600A0C898 /* RTSComplexVector.m */; };
		B3D2853818578CF900A0C898 /* RTSFloatVector.h in Headers */ = {isa = PBXBuildFile; fileRef = B3D2853618578CF900A0C898 /* RTSFloatVector.h */; settings = {ATTRIBUTES = (Public, ); }; };
		B3D2853918578CF900A0C898 /* RTSFloatVector.m in Sources */ = {isa = PBXBuildFile; fileRef = B3D2853718578CF900A0C898 /* RTSFloatVector.m */; };
		B3D2853C1858D35600A0C898 /* RTSFlowGraph.h in Headers */ = {isa = PBXBuildFile; fileRef = B3D2853A1858D35600A0C898 /* RTSFlowGraph.h */; settings = {ATTRIBUTES = (Public, ); }; };
		B3D2853D1858D35700A0C898 /* RTSFlowGraph.m in Sources */ = {isa = PBXBuildFile; fileRef = B3D2853B1858D35600A0C898 /* RTSFlowGraph.m */; };
		B3D2853F1858D98300A0C898 /* Accelerate.framework in Frameworks */ = {isa = PBXBuildFile; fileRef = B3D2853E1858D98300A0C898 /* Accelerate.framework */; };
		B3F831931867B6150088D934 /* RTSMultiplyVectors.h in Headers */ = {isa = PBXBuildFile; fileRef = B3F831911867B6150088D934 /* RTSMultiplyVectors.h */; settings = {ATTRIBUTES = (Public, ); }; };
		B3F831941867B6150088D934 /* RTSMultiplyVectors.m in Sources */ = {isa = PBXBuildFile; fileRef = B3F831921867B6150088D934 /* RTSMultiplyVectors.m */; };
		B3F831971867B62A0088D934 /* RTSAddVectors.h in Headers */ = {isa = PBXBuildFile; fileRef = B3F831951867B62A0088D934 /* RTSAddVectors.h */; settings = {ATTRIBUTES = (Public, ); }; };
		B3F831981867B62A0088D934 /* RTSAddVectors.m in Sources */ = {isa = PBXBuildFile; fileRef = B3F831961867B62A0088D934 /* RTSAddVectors.m */; };
		B3F8319F1867B6550088D934 /* RTSFMDeemphasis.h in Headers */ = {isa = PBXBuildFile; fileRef = B3F8319D1867B6550088D934 /* RTSFMDeemphasis.h */; settings = {ATTRIBUTES = (Public, ); }; };
		B3F831A01867B6550088D934 /* RTSFMDeemphasis.m in Sources */ = {isa = PBXBuildFile; fileRef = B3F8319E1867B6550088D934 /* RTSFMDeemphasis.m */; };
		B3F831A31868C69B0088D934 /* RTSVectorArithmetic.h in Headers */ = {isa = PBXBuildFile; fileRef = B3F831A11868C69B0088D934 /* RTSVectorArithmetic.h */; settings = {ATTRIBUTES = (Public, ); }; };
		B3F831A41868C69B0088D934 /* RTSVectorArithmetic.m in Sources */ = {isa = PBXBuildFile; fileRef = B3F831A21868C69B0088D934 /* RTSVectorArithmetic.m */; };
		B3F831A71868E09A0088D934 /* RTSSubtractVectors.h in Headers */ = {isa = PBXBuildFile; fileRef = B3F831A51868E09A0088D934 /* RTSSubtractVectors.h */; settings = {ATTRIBUTES = (Public, ); }; };
		B3F831A81868E09A0088D934 /* RTSSubtractVectors.m in Sources */ = {isa = PBXBuildFile; fileRef = B3F831A61868E09A0088D934 /* RTSSubtractVectors.m */; };
		B3F831AB1868E88D0088D934 /* RTSMultiplyConstant.h in Headers */ = {isa = PBXBuildFile; fileRef = B3F831A91868E88D0088D934 /* RTSMultiplyConstant.h */; settings = {ATTRIBUTES = (Public, ); }; };
		B3F831AC1868E88D0088D934 /* RTSMultiplyConstant.m in Sources */ = {isa = PBXBuildFile; fileRef = B3F831AA1868E88D0088D934 /* RTSMultiplyConstant.m */; };
/* End PBXBuildFile section */

/* Begin PBXContainerItemProxy section */
		B3D2850A18563A5400A0C898 /* PBXContainerItemProxy */ = {
			isa = PBXContainerItemProxy;
			containerPortal = B3D284E618563A5300A0C898 /* Project object */;
			proxyType = 1;
			remoteGlobalIDString = B3D284EE18563A5300A0C898;
			remoteInfo = RadioTools;
		};
/* End PBXContainerItemProxy section */

/* Begin PBXFileReference section */
		B369E699196794D600405699 /* LICENSE */ = {isa = PBXFileReference; lastKnownFileType = text; path = LICENSE; sourceTree = SOURCE_ROOT; };
		B373FA0D1965C94800D11F18 /* readme.md */ = {isa = PBXFileReference; lastKnownFileType = net.daringfireball.markdown; path = readme.md; sourceTree = SOURCE_ROOT; };
		B3AF3AE8185E206900BD7747 /* RTSIIRFilter.h */ = {isa = PBXFileReference; fileEncoding = 4; lastKnownFileType = sourcecode.c.h; path = RTSIIRFilter.h; sourceTree = "<group>"; };
		B3AF3AE9185E206900BD7747 /* RTSIIRFilter.m */ = {isa = PBXFileReference; fileEncoding = 4; lastKnownFileType = sourcecode.c.objc; path = RTSIIRFilter.m; sourceTree = "<group>"; };
		B3AF3B14185E91C900BD7747 /* AudioToolbox.framework */ = {isa = PBXFileReference; lastKnownFileType = wrapper.framework; name = AudioToolbox.framework; path = System/Library/Frameworks/AudioToolbox.framework; sourceTree = SDKROOT; };
		B3AF3B16185E932B00BD7747 /* IOKit.framework */ = {isa = PBXFileReference; lastKnownFileType = wrapper.framework; name = IOKit.framework; path = System/Library/Frameworks/IOKit.framework; sourceTree = SDKROOT; };
		B3AF3B8B185F80FD00BD7747 /* RTSDataReceived.h */ = {isa = PBXFileReference; fileEncoding = 4; lastKnownFileType = sourcecode.c.h; path = RTSDataReceived.h; sourceTree = "<group>"; };
		B3AF3B90185FAF9600BD7747 /* RTSInputConditioner.h */ = {isa = PBXFileReference; fileEncoding = 4; lastKnownFileType = sourcecode.c.h; path = RTSInputConditioner.h; sourceTree = "<group>"; };
		B3AF3B91185FAF9600BD7747 /* RTSInputConditioner.m */ = {isa = PBXFileReference; fileEncoding = 4; lastKnownFileType = sourcecode.c.objc; path = RTSInputConditioner.m; sourceTree = "<group>"; };
		B3AF3B95185FBFF500BD7747 /* RadioTools.h */ = {isa = PBXFileReference; lastKnownFileType = sourcecode.c.h; path = RadioTools.h; sourceTree = "<group>"; };
		B3CE17EB1A3F7F1300AB3EAF /* RTSAMDemodulator.m */ = {isa = PBXFileReference; fileEncoding = 4; lastKnownFileType = sourcecode.c.objc; path = RTSAMDemodulator.m; sourceTree = "<group>"; };
		B3CE17ED1A3F7F2400AB3EAF /* RTSAMDemodulator.h */ = {isa = PBXFileReference; fileEncoding = 4; lastKnownFileType = sourcecode.c.h; path = RTSAMDemodulator.h; sourceTree = "<group>"; };
		B3D284EF18563A5300A0C898 /* RadioTools.framework */ = {isa = PBXFileReference; explicitFileType = wrapper.framework; includeInIndex = 0; path = RadioTools.framework; sourceTree = BUILT_PRODUCTS_DIR; };
		B3D284F218563A5300A0C898 /* Cocoa.framework */ = {isa = PBXFileReference; lastKnownFileType = wrapper.framework; name = Cocoa.framework; path = System/Library/Frameworks/Cocoa.framework; sourceTree = SDKROOT; };
		B3D284F518563A5300A0C898 /* Foundation.framework */ = {isa = PBXFileReference; lastKnownFileType = wrapper.framework; name = Foundation.framework; path = System/Library/Frameworks/Foundation.framework; sourceTree = SDKROOT; };
		B3D284F618563A5300A0C898 /* CoreData.framework */ = {isa = PBXFileReference; lastKnownFileType = wrapper.framework; name = CoreData.framework; path = System/Library/Frameworks/CoreData.framework; sourceTree = SDKROOT; };
		B3D284F718563A5300A0C898 /* AppKit.framework */ = {isa = PBXFileReference; lastKnownFileType = wrapper.framework; name = AppKit.framework; path = System/Library/Frameworks/AppKit.framework; sourceTree = SDKROOT; };
		B3D284FA18563A5300A0C898 /* RadioTools-Info.plist */ = {isa = PBXFileReference; lastKnownFileType = text.plist.xml; path = "RadioTools-Info.plist"; sourceTree = "<group>"; };
		B3D284FC18563A5300A0C898 /* en */ = {isa = PBXFileReference; lastKnownFileType = text.plist.strings; name = en; path = en.lproj/InfoPlist.strings; sourceTree = "<group>"; };
		B3D284FE18563A5300A0C898 /* RadioTools-Prefix.pch */ = {isa = PBXFileReference; lastKnownFileType = sourcecode.c.h; path = "RadioTools-Prefix.pch"; sourceTree = "<group>"; };
		B3D2850618563A5400A0C898 /* RadioToolsTests.xctest */ = {isa = PBXFileReference; explicitFileType = wrapper.cfbundle; includeInIndex = 0; path = RadioToolsTests.xctest; sourceTree = BUILT_PRODUCTS_DIR; };
		B3D2850718563A5400A0C898 /* XCTest.framework */ = {isa = PBXFileReference; lastKnownFileType = wrapper.framework; name = XCTest.framework; path = Library/Frameworks/XCTest.framework; sourceTree = DEVELOPER_DIR; };
		B3D2850F18563A5400A0C898 /* RadioToolsTests-Info.plist */ = {isa = PBXFileReference; lastKnownFileType = text.plist.xml; path = "RadioToolsTests-Info.plist"; sourceTree = "<group>"; };
		B3D2851118563A5400A0C898 /* en */ = {isa = PBXFileReference; lastKnownFileType = text.plist.strings; name = en; path = en.lproj/InfoPlist.strings; sourceTree = "<group>"; };
		B3D2851318563A5400A0C898 /* RadioToolsTests.m */ = {isa = PBXFileReference; lastKnownFileType = sourcecode.c.objc; path = RadioToolsTests.m; sourceTree = "<group>"; };
		B3D2851E18563AFD00A0C898 /* RTSFMDemodulator.h */ = {isa = PBXFileReference; fileEncoding = 4; lastKnownFileType = sourcecode.c.h; path = RTSFMDemodulator.h; sourceTree = "<group>"; };
		B3D2851F18563AFD00A0C898 /* RTSFMDemodulator.m */ = {isa = PBXFileReference; fileEncoding = 4; lastKnownFileType = sourcecode.c.objc; path = RTSFMDemodulator.m; sourceTree = "<group>"; };
		B3D2852218563B2000A0C898 /* RTSDecimator.h */ = {isa = PBXFileReference; fileEncoding = 4; lastKnownFileType = sourcecode.c.h; path = RTSDecimator.h; sourceTree = "<group>"; };
		B3D2852318563B2000A0C898 /* RTSDecimator.m */ = {isa = PBXFileReference; fileEncoding = 4; lastKnownFileType = sourcecode.c.objc; path = RTSDecimator.m; sourceTree = "<group>"; };
		B3D2852618563B3500A0C898 /* RTSFIRFilter.h */ = {isa = PBXFileReference; fileEncoding = 4; lastKnownFileType = sourcecode.c.h; path = RTSFIRFilter.h; sourceTree = "<group>"; };
		B3D2852718563B3500A0C898 /* RTSFIRFilter.m */ = {isa = PBXFileReference; fileEncoding = 4; lastKnownFileType = sourcecode.c.objc; path = RTSFIRFilter.m; sourceTree = "<group>"; };
		B3D2852A18563BCE00A0C898 /* RTSAudioOutput.h */ = {isa = PBXFileReference; fileEncoding = 4; lastKnownFileType = sourcecode.c.h; path = RTSAudioOutput.h; sourceTree = "<group>"; };
		B3D2852B18563BCE00A0C898 /* RTSAudioOutput.m */ = {isa = PBXFileReference; fileEncoding = 4; lastKnownFileType = sourcecode.c.objc; path = RTSAudioOutput.m; sourceTree = "<group>"; };
		B3D2852E1856421D00A0C898 /* RTSRTLRadio.h */ = {isa = PBXFileReference; fileEncoding = 4; lastKnownFileType = sourcecode.c.h; path = RTSRTLRadio.h; sourceTree = "<group>"; };
		B3D2852F1856421D00A0C898 /* RTSRTLRadio.m */ = {isa = PBXFileReference; fileEncoding = 4; lastKnownFileType = sourcecode.c.objc; path = RTSRTLRadio.m; sourceTree = "<group>"; };
		B3D28532185646C600A0C898 /* RTSComplexVector.h */ = {isa = PBXFileReference; fileEncoding = 4; lastKnownFileType = sourcecode.c.h; path = RTSComplexVector.h; sourceTree = "<group>"; };
		B3D28533185646C600A0C898 /* RTSComplexVector.m */ = {isa = PBXFileReference; fileEncoding = 4; lastKnownFileType = sourcecode.c.objc; path = RTSComplexVector.m; sourceTree = "<group>"; };
		B3D2853618578CF900A0C898 /* RTSFloatVector.h */ = {isa = PBXFileReference; fileEncoding = 4; lastKnownFileType = sourcecode.c.h; path = RTSFloatVector.h; sourceTree = "<group>"; };
		B3D2853718578CF900A0C898 /* RTSFloatVector.m */ = {isa = PBXFileReference; fileEncoding = 4; lastKnownFileType = sourcecode.c.objc; path = RTSFloatVector.m; sourceTree = "<group>"; };
		B3D2853A1858D35600A0C898 /* RTSFlowGraph.h */ = {isa = PBXFileReference; fileEncoding = 4; lastKnownFileType = sourcecode.c.h; path = RTSFlowGraph.h; sourceTree = "<group>"; };
		B3D2853B1858D35600A0C898 /* RTSFlowGraph.m */ = {isa = PBXFileReference; fileEncoding = 4; lastKnownFileType = sourcecode.c.objc; path = RTSFlowGraph.m; sourceTree = "<group>"; };
		B3D2853E1858D98300A0C898 /* Accelerate.framework */ = {isa = PBXFileReference; lastKnownFileType = wrapper.framework; name = Accelerate.framework; path = System/Library/Frameworks/Accelerate.framework; sourceTree = SDKROOT; };
		B3F831911867B6150088D934 /* RTSMultiplyVectors.h */ = {isa = PBXFileReference; fileEncoding = 4; lastKnownFileType = sourcecode.c.h; path = RTSMultiplyVectors.h; sourceTree = "<group>"; };
		B3F831921867B6150088D934 /* RTSMultiplyVectors.m */ = {isa = PBXFileReference; fileEncoding = 4; lastKnownFileType = sourcecode.c.objc; path = RTSMultiplyVectors.m; sourceTree = "<group>"; };
		B3F831951867B62A0088D934 /* RTSAddVectors.h */ = {isa = PBXFileReference; fileEncoding = 4; lastKnownFileType = sourcecode.c.h; path = RTSAddVectors.h; sourceTree = "<group>"; };
		B3F831961867B62A0088D934 /* RTSAddVectors.m */ = {isa = PBXFileReference; fileEncoding = 4; lastKnownFileType = sourcecode.c.objc; path = RTSAddVectors.m; sourceTree = "<group>"; };
		B3F8319D1867B6550088D934 /* RTSFMDeemphasis.h */ = {isa = PBXFileReference; fileEncoding = 4; lastKnownFileType = sourcecode.c.h; path = RTSFMDeemphasis.h; sourceTree = "<group>"; };
		B3F8319E1867B6550088D934 /* RTSFMDeemphasis.m */ = {isa = PBXFileReference; fileEncoding = 4; lastKnownFileType = sourcecode.c.objc; path = RTSFMDeemphasis.m; sourceTree = "<group>"; };
		B3F831A11868C69B0088D934 /* RTSVectorArithmetic.h */ = {isa = PBXFileReference; fileEncoding = 4; lastKnownFileType = sourcecode.c.h; path = RTSVectorArithmetic.h; sourceTree = "<group>"; };
		B3F831A21868C69B0088D934 /* RTSVectorArithmetic.m */ = {isa = PBXFileReference; fileEncoding = 4; lastKnownFileType = sourcecode.c.objc; path = RTSVectorArithmetic.m; sourceTree = "<group>"; };
		B3F831A51868E09A0088D934 /* RTSSubtractVectors.h */ = {isa = PBXFileReference; fileEncoding = 4; lastKnownFileType = sourcecode.c.h; path = RTSSubtractVectors.h; sourceTree = "<group>"; };
		B3F831A61868E09A0088D934 /* RTSSubtractVectors.m */ = {isa = PBXFileReference; fileEncoding = 4; lastKnownFileType = sourcecode.c.objc; path = RTSSubtractVectors.m; sourceTree = "<group>"; };
		B3F831A91868E88D0088D934 /* RTSMultiplyConstant.h */ = {isa = PBXFileReference; fileEncoding = 4; lastKnownFileType = sourcecode.c.h; path = RTSMultiplyConstant.h; sourceTree = "<group>"; };
		B3F831AA1868E88D0088D934 /* RTSMultiplyConstant.m */ = {isa = PBXFileReference; fileEncoding = 4; lastKnownFileType = sourcecode.c.objc; path = RTSMultiplyConstant.m; sourceTree = "<group>"; };
/* End PBXFileReference section */

/* Begin PBXFrameworksBuildPhase section */
		B3D284EB18563A5300A0C898 /* Frameworks */ = {
			isa = PBXFrameworksBuildPhase;
			buildActionMask = 2147483647;
			files = (
				B3AF3B17185E932B00BD7747 /* IOKit.framework in Frameworks */,
				B3AF3B15185E91C900BD7747 /* AudioToolbox.framework in Frameworks */,
				B3D2853F1858D98300A0C898 /* Accelerate.framework in Frameworks */,
				B3D284F318563A5300A0C898 /* Cocoa.framework in Frameworks */,
			);
			runOnlyForDeploymentPostprocessing = 0;
		};
		B3D2850318563A5400A0C898 /* Frameworks */ = {
			isa = PBXFrameworksBuildPhase;
			buildActionMask = 2147483647;
			files = (
				B3D2850918563A5400A0C898 /* Cocoa.framework in Frameworks */,
				B3D2850C18563A5400A0C898 /* RadioTools.framework in Frameworks */,
				B3D2850818563A5400A0C898 /* XCTest.framework in Frameworks */,
			);
			runOnlyForDeploymentPostprocessing = 0;
		};
/* End PBXFrameworksBuildPhase section */

/* Begin PBXGroup section */
		B3D284E518563A5300A0C898 = {
			isa = PBXGroup;
			children = (
				B3D284F818563A5300A0C898 /* RadioTools */,
				B3D2850D18563A5400A0C898 /* RadioToolsTests */,
				B3D284F118563A5300A0C898 /* Frameworks */,
				B3D284F018563A5300A0C898 /* Products */,
			);
			sourceTree = "<group>";
		};
		B3D284F018563A5300A0C898 /* Products */ = {
			isa = PBXGroup;
			children = (
				B3D284EF18563A5300A0C898 /* RadioTools.framework */,
				B3D2850618563A5400A0C898 /* RadioToolsTests.xctest */,
			);
			name = Products;
			sourceTree = "<group>";
		};
		B3D284F118563A5300A0C898 /* Frameworks */ = {
			isa = PBXGroup;
			children = (
				B3AF3B16185E932B00BD7747 /* IOKit.framework */,
				B3AF3B14185E91C900BD7747 /* AudioToolbox.framework */,
				B3D2853E1858D98300A0C898 /* Accelerate.framework */,
				B3D284F218563A5300A0C898 /* Cocoa.framework */,
				B3D2850718563A5400A0C898 /* XCTest.framework */,
				B3D284F418563A5300A0C898 /* Other Frameworks */,
			);
			name = Frameworks;
			sourceTree = "<group>";
		};
		B3D284F418563A5300A0C898 /* Other Frameworks */ = {
			isa = PBXGroup;
			children = (
				B3D284F518563A5300A0C898 /* Foundation.framework */,
				B3D284F618563A5300A0C898 /* CoreData.framework */,
				B3D284F718563A5300A0C898 /* AppKit.framework */,
			);
			name = "Other Frameworks";
			sourceTree = "<group>";
		};
		B3D284F818563A5300A0C898 /* RadioTools */ = {
			isa = PBXGroup;
			children = (
				B369E699196794D600405699 /* LICENSE */,
				B3AF3B95185FBFF500BD7747 /* RadioTools.h */,
				B3F831951867B62A0088D934 /* RTSAddVectors.h */,
				B3F831961867B62A0088D934 /* RTSAddVectors.m */,
				B3CE17ED1A3F7F2400AB3EAF /* RTSAMDemodulator.h */,
				B3CE17EB1A3F7F1300AB3EAF /* RTSAMDemodulator.m */,
				B3D2852A18563BCE00A0C898 /* RTSAudioOutput.h */,
				B3D2852B18563BCE00A0C898 /* RTSAudioOutput.m */,
				B3D28532185646C600A0C898 /* RTSComplexVector.h */,
				B3D28533185646C600A0C898 /* RTSComplexVector.m */,
				B3AF3B8B185F80FD00BD7747 /* RTSDataReceived.h */,
				B3D2852218563B2000A0C898 /* RTSDecimator.h */,
				B3D2852318563B2000A0C898 /* RTSDecimator.m */,
				B3D2852618563B3500A0C898 /* RTSFIRFilter.h */,
				B3D2852718563B3500A0C898 /* RTSFIRFilter.m */,
				B3D2853618578CF900A0C898 /* RTSFloatVector.h */,
				B3D2853718578CF900A0C898 /* RTSFloatVector.m */,
				B3D2853A1858D35600A0C898 /* RTSFlowGraph.h */,
				B3D2853B1858D35600A0C898 /* RTSFlowGraph.m */,
				B3F8319D1867B6550088D934 /* RTSFMDeemphasis.h */,
				B3F8319E1867B6550088D934 /* RTSFMDeemphasis.m */,
				B3D2851E18563AFD00A0C898 /* RTSFMDemodulator.h */,
				B3D2851F18563AFD00A0C898 /* RTSFMDemodulator.m */,
				B3AF3AE8185E206900BD7747 /* RTSIIRFilter.h */,
				B3AF3AE9185E206900BD7747 /* RTSIIRFilter.m */,
				B3AF3B90185FAF9600BD7747 /* RTSInputConditioner.h */,
				B3AF3B91185FAF9600BD7747 /* RTSInputConditioner.m */,
				B3F831A91868E88D0088D934 /* RTSMultiplyConstant.h */,
				B3F831AA1868E88D0088D934 /* RTSMultiplyConstant.m */,
				B3F831911867B6150088D934 /* RTSMultiplyVectors.h */,
				B3F831921867B6150088D934 /* RTSMultiplyVectors.m */,
				B3D2852E1856421D00A0C898 /* RTSRTLRadio.h */,
				B3D2852F1856421D00A0C898 /* RTSRTLRadio.m */,
				B3F831A51868E09A0088D934 /* RTSSubtractVectors.h */,
				B3F831A61868E09A0088D934 /* RTSSubtractVectors.m */,
				B3F831A11868C69B0088D934 /* RTSVectorArithmetic.h */,
				B3F831A21868C69B0088D934 /* RTSVectorArithmetic.m */,
				B3D284F918563A5300A0C898 /* Supporting Files */,
			);
			path = RadioTools;
			sourceTree = "<group>";
		};
		B3D284F918563A5300A0C898 /* Supporting Files */ = {
			isa = PBXGroup;
			children = (
				B373FA0D1965C94800D11F18 /* readme.md */,
				B3D284FA18563A5300A0C898 /* RadioTools-Info.plist */,
				B3D284FB18563A5300A0C898 /* InfoPlist.strings */,
				B3D284FE18563A5300A0C898 /* RadioTools-Prefix.pch */,
			);
			name = "Supporting Files";
			sourceTree = "<group>";
		};
		B3D2850D18563A5400A0C898 /* RadioToolsTests */ = {
			isa = PBXGroup;
			children = (
				B3D2851318563A5400A0C898 /* RadioToolsTests.m */,
				B3D2850E18563A5400A0C898 /* Supporting Files */,
			);
			path = RadioToolsTests;
			sourceTree = "<group>";
		};
		B3D2850E18563A5400A0C898 /* Supporting Files */ = {
			isa = PBXGroup;
			children = (
				B3D2850F18563A5400A0C898 /* RadioToolsTests-Info.plist */,
				B3D2851018563A5400A0C898 /* InfoPlist.strings */,
			);
			name = "Supporting Files";
			sourceTree = "<group>";
		};
/* End PBXGroup section */

/* Begin PBXHeadersBuildPhase section */
		B3D284EC18563A5300A0C898 /* Headers */ = {
			isa = PBXHeadersBuildPhase;
			buildActionMask = 2147483647;
			files = (
				B3D2852C18563BCE00A0C898 /* RTSAudioOutput.h in Headers */,
				B3D28534185646C600A0C898 /* RTSComplexVector.h in Headers */,
				B3D2852018563AFD00A0C898 /* RTSFMDemodulator.h in Headers */,
				B3D2852818563B3500A0C898 /* RTSFIRFilter.h in Headers */,
				B3D2853818578CF900A0C898 /* RTSFloatVector.h in Headers */,
				B3D285301856421D00A0C898 /* RTSRTLRadio.h in Headers */,
				B3D2853C1858D35600A0C898 /* RTSFlowGraph.h in Headers */,
				B3D2852418563B2000A0C898 /* RTSDecimator.h in Headers */,
				B3F831971867B62A0088D934 /* RTSAddVectors.h in Headers */,
				B3F8319F1867B6550088D934 /* RTSFMDeemphasis.h in Headers */,
				B3F831931867B6150088D934 /* RTSMultiplyVectors.h in Headers */,
				B3F831A31868C69B0088D934 /* RTSVectorArithmetic.h in Headers */,
				B3AF3AEA185E206900BD7747 /* RTSIIRFilter.h in Headers */,
				B3AF3B92185FAF9600BD7747 /* RTSInputConditioner.h in Headers */,
				B3F831A71868E09A0088D934 /* RTSSubtractVectors.h in Headers */,
				B3AF3B8C185F80FD00BD7747 /* RTSDataReceived.h in Headers */,
				B3F831AB1868E88D0088D934 /* RTSMultiplyConstant.h in Headers */,
				B3CE17EE1A3F7F2500AB3EAF /* RTSAMDemodulator.h in Headers */,
				B3AF3B96185FC0F900BD7747 /* RadioTools.h in Headers */,
			);
			runOnlyForDeploymentPostprocessing = 0;
		};
/* End PBXHeadersBuildPhase section */

/* Begin PBXNativeTarget section */
		B3D284EE18563A5300A0C898 /* RadioTools */ = {
			isa = PBXNativeTarget;
			buildConfigurationList = B3D2851718563A5400A0C898 /* Build configuration list for PBXNativeTarget "RadioTools" */;
			buildPhases = (
				B3D284EA18563A5300A0C898 /* Sources */,
				B3D284EB18563A5300A0C898 /* Frameworks */,
				B3D284EC18563A5300A0C898 /* Headers */,
				B3D284ED18563A5300A0C898 /* Resources */,
			);
			buildRules = (
			);
			dependencies = (
			);
			name = RadioTools;
			productName = RadioTools;
			productReference = B3D284EF18563A5300A0C898 /* RadioTools.framework */;
			productType = "com.apple.product-type.framework";
		};
		B3D2850518563A5400A0C898 /* RadioToolsTests */ = {
			isa = PBXNativeTarget;
			buildConfigurationList = B3D2851A18563A5400A0C898 /* Build configuration list for PBXNativeTarget "RadioToolsTests" */;
			buildPhases = (
				B3D2850218563A5400A0C898 /* Sources */,
				B3D2850318563A5400A0C898 /* Frameworks */,
				B3D2850418563A5400A0C898 /* Resources */,
			);
			buildRules = (
			);
			dependencies = (
				B3D2850B18563A5400A0C898 /* PBXTargetDependency */,
			);
			name = RadioToolsTests;
			productName = RadioToolsTests;
			productReference = B3D2850618563A5400A0C898 /* RadioToolsTests.xctest */;
			productType = "com.apple.product-type.bundle.unit-test";
		};
/* End PBXNativeTarget section */

/* Begin PBXProject section */
		B3D284E618563A5300A0C898 /* Project object */ = {
			isa = PBXProject;
			attributes = {
				LastUpgradeCheck = 0500;
				ORGANIZATIONNAME = "Erik Larsen";
				TargetAttributes = {
					B3D2850518563A5400A0C898 = {
						TestTargetID = B3D284EE18563A5300A0C898;
					};
				};
			};
			buildConfigurationList = B3D284E918563A5300A0C898 /* Build configuration list for PBXProject "RadioTools" */;
			compatibilityVersion = "Xcode 3.2";
			developmentRegion = English;
			hasScannedForEncodings = 0;
			knownRegions = (
				en,
			);
			mainGroup = B3D284E518563A5300A0C898;
			productRefGroup = B3D284F018563A5300A0C898 /* Products */;
			projectDirPath = "";
			projectRoot = "";
			targets = (
				B3D284EE18563A5300A0C898 /* RadioTools */,
				B3D2850518563A5400A0C898 /* RadioToolsTests */,
			);
		};
/* End PBXProject section */

/* Begin PBXResourcesBuildPhase section */
		B3D284ED18563A5300A0C898 /* Resources */ = {
			isa = PBXResourcesBuildPhase;
			buildActionMask = 2147483647;
			files = (
				B3D284FD18563A5300A0C898 /* InfoPlist.strings in Resources */,
			);
			runOnlyForDeploymentPostprocessing = 0;
		};
		B3D2850418563A5400A0C898 /* Resources */ = {
			isa = PBXResourcesBuildPhase;
			buildActionMask = 2147483647;
			files = (
				B3D2851218563A5400A0C898 /* InfoPlist.strings in Resources */,
			);
			runOnlyForDeploymentPostprocessing = 0;
		};
/* End PBXResourcesBuildPhase section */

/* Begin PBXSourcesBuildPhase section */
		B3D284EA18563A5300A0C898 /* Sources */ = {
			isa = PBXSourcesBuildPhase;
			buildActionMask = 2147483647;
			files = (
				B3D2852518563B2000A0C898 /* RTSDecimator.m in Sources */,
				B3F831A41868C69B0088D934 /* RTSVectorArithmetic.m in Sources */,
				B3CE17EC1A3F7F1300AB3EAF /* RTSAMDemodulator.m in Sources */,
				B3D2852D18563BCE00A0C898 /* RTSAudioOutput.m in Sources */,
				B3F831AC1868E88D0088D934 /* RTSMultiplyConstant.m in Sources */,
				B3D28535185646C600A0C898 /* RTSComplexVector.m in Sources */,
				B3D2853D1858D35700A0C898 /* RTSFlowGraph.m in Sources */,
				B3F831A81868E09A0088D934 /* RTSSubtractVectors.m in Sources */,
				B3D2852118563AFD00A0C898 /* RTSFMDemodulator.m in Sources */,
				B3AF3B93185FAF9600BD7747 /* RTSInputConditioner.m in Sources */,
				B3F831A01867B6550088D934 /* RTSFMDeemphasis.m in Sources */,
				B3F831981867B62A0088D934 /* RTSAddVectors.m in Sources */,
				B3D285311856421D00A0C898 /* RTSRTLRadio.m in Sources */,
				B3AF3AEB185E206900BD7747 /* RTSIIRFilter.m in Sources */,
				B3F831941867B6150088D934 /* RTSMultiplyVectors.m in Sources */,
				B3D2853918578CF900A0C898 /* RTSFloatVector.m in Sources */,
				B3D2852918563B3500A0C898 /* RTSFIRFilter.m in Sources */,
			);
			runOnlyForDeploymentPostprocessing = 0;
		};
		B3D2850218563A5400A0C898 /* Sources */ = {
			isa = PBXSourcesBuildPhase;
			buildActionMask = 2147483647;
			files = (
				B3D2851418563A5400A0C898 /* RadioToolsTests.m in Sources */,
			);
			runOnlyForDeploymentPostprocessing = 0;
		};
/* End PBXSourcesBuildPhase section */

/* Begin PBXTargetDependency section */
		B3D2850B18563A5400A0C898 /* PBXTargetDependency */ = {
			isa = PBXTargetDependency;
			target = B3D284EE18563A5300A0C898 /* RadioTools */;
			targetProxy = B3D2850A18563A5400A0C898 /* PBXContainerItemProxy */;
		};
/* End PBXTargetDependency section */

/* Begin PBXVariantGroup section */
		B3D284FB18563A5300A0C898 /* InfoPlist.strings */ = {
			isa = PBXVariantGroup;
			children = (
				B3D284FC18563A5300A0C898 /* en */,
			);
			name = InfoPlist.strings;
			sourceTree = "<group>";
		};
		B3D2851018563A5400A0C898 /* InfoPlist.strings */ = {
			isa = PBXVariantGroup;
			children = (
				B3D2851118563A5400A0C898 /* en */,
			);
			name = InfoPlist.strings;
			sourceTree = "<group>";
		};
/* End PBXVariantGroup section */

/* Begin XCBuildConfiguration section */
		B3D2851518563A5400A0C898 /* Debug */ = {
			isa = XCBuildConfiguration;
			buildSettings = {
				ALWAYS_SEARCH_USER_PATHS = NO;
				CLANG_CXX_LANGUAGE_STANDARD = "gnu++0x";
				CLANG_CXX_LIBRARY = "libc++";
				CLANG_ENABLE_OBJC_ARC = YES;
				CLANG_WARN_BOOL_CONVERSION = YES;
				CLANG_WARN_CONSTANT_CONVERSION = YES;
				CLANG_WARN_DIRECT_OBJC_ISA_USAGE = YES_ERROR;
				CLANG_WARN_EMPTY_BODY = YES;
				CLANG_WARN_ENUM_CONVERSION = YES;
				CLANG_WARN_INT_CONVERSION = YES;
				CLANG_WARN_OBJC_ROOT_CLASS = YES_ERROR;
				CLANG_WARN__DUPLICATE_METHOD_MATCH = YES;
				COPY_PHASE_STRIP = NO;
				GCC_C_LANGUAGE_STANDARD = gnu99;
				GCC_DYNAMIC_NO_PIC = NO;
				GCC_ENABLE_OBJC_EXCEPTIONS = YES;
				GCC_OPTIMIZATION_LEVEL = 0;
				GCC_PREPROCESSOR_DEFINITIONS = (
					"DEBUG=1",
					"$(inherited)",
				);
				GCC_SYMBOLS_PRIVATE_EXTERN = NO;
				GCC_WARN_64_TO_32_BIT_CONVERSION = YES;
				GCC_WARN_ABOUT_RETURN_TYPE = YES_ERROR;
				GCC_WARN_UNDECLARED_SELECTOR = YES;
				GCC_WARN_UNINITIALIZED_AUTOS = YES;
				GCC_WARN_UNUSED_FUNCTION = YES;
				GCC_WARN_UNUSED_VARIABLE = YES;
				MACOSX_DEPLOYMENT_TARGET = 10.9;
				ONLY_ACTIVE_ARCH = YES;
				SDKROOT = macosx;
			};
			name = Debug;
		};
		B3D2851618563A5400A0C898 /* Release */ = {
			isa = XCBuildConfiguration;
			buildSettings = {
				ALWAYS_SEARCH_USER_PATHS = NO;
				CLANG_CXX_LANGUAGE_STANDARD = "gnu++0x";
				CLANG_CXX_LIBRARY = "libc++";
				CLANG_ENABLE_OBJC_ARC = YES;
				CLANG_WARN_BOOL_CONVERSION = YES;
				CLANG_WARN_CONSTANT_CONVERSION = YES;
				CLANG_WARN_DIRECT_OBJC_ISA_USAGE = YES_ERROR;
				CLANG_WARN_EMPTY_BODY = YES;
				CLANG_WARN_ENUM_CONVERSION = YES;
				CLANG_WARN_INT_CONVERSION = YES;
				CLANG_WARN_OBJC_ROOT_CLASS = YES_ERROR;
				CLANG_WARN__DUPLICATE_METHOD_MATCH = YES;
				COPY_PHASE_STRIP = YES;
				DEBUG_INFORMATION_FORMAT = "dwarf-with-dsym";
				ENABLE_NS_ASSERTIONS = NO;
				GCC_C_LANGUAGE_STANDARD = gnu99;
				GCC_ENABLE_OBJC_EXCEPTIONS = YES;
				GCC_WARN_64_TO_32_BIT_CONVERSION = YES;
				GCC_WARN_ABOUT_RETURN_TYPE = YES_ERROR;
				GCC_WARN_UNDECLARED_SELECTOR = YES;
				GCC_WARN_UNINITIALIZED_AUTOS = YES;
				GCC_WARN_UNUSED_FUNCTION = YES;
				GCC_WARN_UNUSED_VARIABLE = YES;
				MACOSX_DEPLOYMENT_TARGET = 10.9;
				SDKROOT = macosx;
			};
			name = Release;
		};
		B3D2851818563A5400A0C898 /* Debug */ = {
			isa = XCBuildConfiguration;
			buildSettings = {
				COMBINE_HIDPI_IMAGES = YES;
				DYLIB_COMPATIBILITY_VERSION = 1;
				DYLIB_CURRENT_VERSION = 1;
				FRAMEWORK_VERSION = A;
				GCC_PRECOMPILE_PREFIX_HEADER = YES;
				GCC_PREFIX_HEADER = "RadioTools/RadioTools-Prefix.pch";
				HEADER_SEARCH_PATHS = (
					"$(inherited)",
					/Applications/Xcode.app/Contents/Developer/Toolchains/XcodeDefault.xctoolchain/usr/include,
					/opt/local/include,
				);
				INFOPLIST_FILE = "RadioTools/RadioTools-Info.plist";
				INSTALL_PATH = "@executable_path/../Frameworks";
				LIBRARY_SEARCH_PATHS = "$(inherited)";
				OTHER_LDFLAGS = (
					/opt/local/lib/librtlsdr.a,
					"/opt/local/lib/libusb-1.0.a",
				);
				PRODUCT_NAME = "$(TARGET_NAME)";
				USER_HEADER_SEARCH_PATHS = "";
				WRAPPER_EXTENSION = framework;
			};
			name = Debug;
		};
		B3D2851918563A5400A0C898 /* Release */ = {
			isa = XCBuildConfiguration;
			buildSettings = {
				COMBINE_HIDPI_IMAGES = YES;
				DYLIB_COMPATIBILITY_VERSION = 1;
				DYLIB_CURRENT_VERSION = 1;
				FRAMEWORK_VERSION = A;
				GCC_PRECOMPILE_PREFIX_HEADER = YES;
				GCC_PREFIX_HEADER = "RadioTools/RadioTools-Prefix.pch";
				HEADER_SEARCH_PATHS = (
					"$(inherited)",
					/Applications/Xcode.app/Contents/Developer/Toolchains/XcodeDefault.xctoolchain/usr/include,
					/opt/local/include,
				);
				INFOPLIST_FILE = "RadioTools/RadioTools-Info.plist";
				INSTALL_PATH = "@executable_path/../Frameworks";
				LIBRARY_SEARCH_PATHS = "$(inherited)";
				OTHER_LDFLAGS = (
					/opt/local/lib/librtlsdr.a,
					"/opt/local/lib/libusb-1.0.a",
				);
				PRODUCT_NAME = "$(TARGET_NAME)";
				USER_HEADER_SEARCH_PATHS = "";
				WRAPPER_EXTENSION = framework;
			};
			name = Release;
		};
		B3D2851B18563A5400A0C898 /* Debug */ = {
			isa = XCBuildConfiguration;
			buildSettings = {
				BUNDLE_LOADER = "$(BUILT_PRODUCTS_DIR)/RadioTools.framework/Versions/A/RadioTools";
				COMBINE_HIDPI_IMAGES = YES;
				FRAMEWORK_SEARCH_PATHS = (
					"$(DEVELOPER_FRAMEWORKS_DIR)",
					"$(inherited)",
				);
				GCC_PRECOMPILE_PREFIX_HEADER = YES;
				GCC_PREFIX_HEADER = "RadioTools/RadioTools-Prefix.pch";
				GCC_PREPROCESSOR_DEFINITIONS = (
					"DEBUG=1",
					"$(inherited)",
				);
				INFOPLIST_FILE = "RadioToolsTests/RadioToolsTests-Info.plist";
				PRODUCT_NAME = "$(TARGET_NAME)";
				TEST_HOST = "$(BUNDLE_LOADER)";
				WRAPPER_EXTENSION = xctest;
			};
			name = Debug;
		};
		B3D2851C18563A5400A0C898 /* Release */ = {
			isa = XCBuildConfiguration;
			buildSettings = {
				BUNDLE_LOADER = "$(BUILT_PRODUCTS_DIR)/RadioTools.framework/Versions/A/RadioTools";
				COMBINE_HIDPI_IMAGES = YES;
				FRAMEWORK_SEARCH_PATHS = (
					"$(DEVELOPER_FRAMEWORKS_DIR)",
					"$(inherited)",
				);
				GCC_PRECOMPILE_PREFIX_HEADER = YES;
				GCC_PREFIX_HEADER = "RadioTools/RadioTools-Prefix.pch";
				INFOPLIST_FILE = "RadioToolsTests/RadioToolsTests-Info.plist";
				PRODUCT_NAME = "$(TARGET_NAME)";
				TEST_HOST = "$(BUNDLE_LOADER)";
				WRAPPER_EXTENSION = xctest;
			};
			name = Release;
		};
/* End XCBuildConfiguration section */

/* Begin XCConfigurationList section */
		B3D284E918563A5300A0C898 /* Build configuration list for PBXProject "RadioTools" */ = {
			isa = XCConfigurationList;
			buildConfigurations = (
				B3D2851518563A5400A0C898 /* Debug */,
				B3D2851618563A5400A0C898 /* Release */,
			);
			defaultConfigurationIsVisible = 0;
			defaultConfigurationName = Release;
		};
		B3D2851718563A5400A0C898 /* Build configuration list for PBXNativeTarget "RadioTools" */ = {
			isa = XCConfigurationList;
			buildConfigurations = (
				B3D2851818563A5400A0C898 /* Debug */,
				B3D2851918563A5400A0C898 /* Release */,
			);
			defaultConfigurationIsVisible = 0;
			defaultConfigurationName = Release;
		};
		B3D2851A18563A5400A0C898 /* Build configuration list for PBXNativeTarget "RadioToolsTests" */ = {
			isa = XCConfigurationList;
			buildConfigurations = (
				B3D2851B18563A5400A0C898 /* Debug */,
				B3D2851C18563A5400A0C898 /* Release */,
			);
			defaultConfigurationIsVisible = 0;
			defaultConfigurationName = Release;
		};
/* End XCConfigurationList section */
	};
	rootObject = B3D284E618563A5300A0C898 /* Project object */;
}
